{
  "version": "4",
  "specifiers": {
    "jsr:@aicone/byte@0.3.4": "0.3.4",
    "npm:@noble/curves@1.6.0": "1.6.0"
  },
  "jsr": {
    "@aicone/byte@0.3.4": {
      "integrity": "9862ab3248b10c904c780cbfb2b3a3d147675b8271b09ec39867e5163048d038"
    }
  },
  "npm": {
    "@noble/curves@1.6.0": {
      "integrity": "sha512-TlaHRXDehJuRNR9TfZDNQ45mMEd5dwUwmicsafcIX4SsNiqnCHKjE/1alYPd/lDRVhxdhUAlv8uEhMCI5zjIJQ==",
      "dependencies": [
        "@noble/hashes"
      ]
    },
    "@noble/hashes@1.5.0": {
      "integrity": "sha512-1j6kQFb7QRru7eKN3ZDvRcP13rugwdxZqCjbiAVZfIJwgj2A65UmT4TgARXGlXgnRkORLTDTrO19ZErt7+QXgA=="
    }
  },
  "workspace": {
    "dependencies": [
      "jsr:@aicone/byte@~0.3.4",
      "jsr:@std/assert@^1.0.2"
    ]
  }
}
