{
  "version": "4",
  "specifiers": {
    "jsr:@aicone/byte@*": "0.3.3",
    "jsr:@aicone/byte@~0.3.3": "0.3.3",
    "jsr:@std/assert@*": "1.0.5",
    "jsr:@std/assert@^1.0.2": "1.0.5",
    "jsr:@std/internal@^1.0.3": "1.0.3",
    "npm:@noble/curves@1.6.0": "1.6.0"
  },
  "jsr": {
    "@aicone/byte@0.3.3": {
      "integrity": "88a8007837dd4cb7db1c98e9e91e2ad51e85a20a96bc34e294a77097a2f699e2"
    },
    "@std/assert@1.0.5": {
      "integrity": "e37da8e4033490ce613eec4ac1d78dba1faf5b02a3f6c573a28f15365b9b440f",
      "dependencies": [
        "jsr:@std/internal"
      ]
    },
    "@std/internal@1.0.3": {
      "integrity": "208e9b94a3d5649bd880e9ca38b885ab7651ab5b5303a56ed25de4755fb7b11e"
    }
  },
  "npm": {
    "@noble/curves@1.6.0": {
      "integrity": "sha512-TlaHRXDehJuRNR9TfZDNQ45mMEd5dwUwmicsafcIX4SsNiqnCHKjE/1alYPd/lDRVhxdhUAlv8uEhMCI5zjIJQ==",
      "dependencies": [
        "@noble/hashes"
      ]
    },
    "@noble/hashes@1.5.0": {
      "integrity": "sha512-1j6kQFb7QRru7eKN3ZDvRcP13rugwdxZqCjbiAVZfIJwgj2A65UmT4TgARXGlXgnRkORLTDTrO19ZErt7+QXgA=="
    }
  },
  "workspace": {
    "dependencies": [
      "jsr:@aicone/byte@~0.3.3",
      "jsr:@std/assert@^1.0.2"
    ]
  }
}
