{
  "version": "4",
  "specifiers": {
    "jsr:@aicone/byte@0.3.3": "0.3.3",
    "jsr:@aicone/byte@~0.3.3": "0.3.3",
    "jsr:@std/assert@*": "1.0.6",
    "jsr:@std/internal@^1.0.4": "1.0.4",
    "npm:@noble/curves@1.6.0": "1.6.0"
  },
  "jsr": {
    "@aicone/byte@0.3.3": {
      "integrity": "88a8007837dd4cb7db1c98e9e91e2ad51e85a20a96bc34e294a77097a2f699e2"
    },
    "@std/assert@1.0.6": {
      "integrity": "1904c05806a25d94fe791d6d883b685c9e2dcd60e4f9fc30f4fc5cf010c72207",
      "dependencies": [
        "jsr:@std/internal"
      ]
    },
    "@std/internal@1.0.4": {
      "integrity": "62e8e4911527e5e4f307741a795c0b0a9e6958d0b3790716ae71ce085f755422"
    }
  },
  "npm": {
    "@noble/curves@1.6.0": {
      "integrity": "sha512-TlaHRXDehJuRNR9TfZDNQ45mMEd5dwUwmicsafcIX4SsNiqnCHKjE/1alYPd/lDRVhxdhUAlv8uEhMCI5zjIJQ==",
      "dependencies": [
        "@noble/hashes"
      ]
    },
    "@noble/hashes@1.5.0": {
      "integrity": "sha512-1j6kQFb7QRru7eKN3ZDvRcP13rugwdxZqCjbiAVZfIJwgj2A65UmT4TgARXGlXgnRkORLTDTrO19ZErt7+QXgA=="
    }
  }
}
